
Microsoft Visual Studio Solution File, Format Version 12.00
# Visual Studio Version 17
VisualStudioVersion = 17.7.34202.233
MinimumVisualStudioVersion = 10.0.40219.1
Project("{2150E333-8FDC-42A3-9474-1A3956D46DE8}") = "src", "src", "{25D4C66E-2173-478D-ABBE-0E9FC0E93B57}"
EndProject
Project("{9A19103F-16F7-4668-BE54-9A1E7A4F7556}") = "Ty.UIBase", "src\Ty.UIBase\Ty.UIBase.csproj", "{E97AF863-9E18-4D3B-8C21-5ECD6639EA90}"
EndProject
Project("{9A19103F-16F7-4668-BE54-9A1E7A4F7556}") = "Ty.WPFBase", "src\Ty.WPFBase\Ty.WPFBase.csproj", "{1BB42077-1541-4C84-B531-4164E699A30A}"
EndProject
Project("{9A19103F-16F7-4668-BE54-9A1E7A4F7556}") = "Ty.AvaloniaBase", "src\Ty.AvaloniaBase\Ty.AvaloniaBase.csproj", "{525E892B-E5FD-4F71-A5D1-77EAD6A13A55}"
EndProject
Project("{9A19103F-16F7-4668-BE54-9A1E7A4F7556}") = "Ty.Module", "src\Ty.Module\Ty.Module.csproj", "{EACC15E4-E342-46B8-9AC4-B1F3CB9F31C2}"
EndProject
Project("{2150E333-8FDC-42A3-9474-1A3956D46DE8}") = "test", "test", "{1DA52328-B77A-4466-A6E3-6B55C87C53C1}"
EndProject
Project("{9A19103F-16F7-4668-BE54-9A1E7A4F7556}") = "Test1.WPF", "test\Test1.WPF\Test1.WPF.csproj", "{57456079-B00B-4C31-B112-BACC40E21FC2}"
EndProject
Project("{FAE04EC0-301F-11D3-BF4B-00C04F79EFBC}") = "Test1", "test\Test1\Test1.csproj", "{80D8701E-0A2C-4665-AA34-3E57D7FD4399}"
EndProject
Global
	GlobalSection(SolutionConfigurationPlatforms) = preSolution
		Debug|Any CPU = Debug|Any CPU
		Release|Any CPU = Release|Any CPU
	EndGlobalSection
	GlobalSection(ProjectConfigurationPlatforms) = postSolution
		{E97AF863-9E18-4D3B-8C21-5ECD6639EA90}.Debug|Any CPU.ActiveCfg = Debug|Any CPU
		{E97AF863-9E18-4D3B-8C21-5ECD6639EA90}.Debug|Any CPU.Build.0 = Debug|Any CPU
		{E97AF863-9E18-4D3B-8C21-5ECD6639EA90}.Release|Any CPU.ActiveCfg = Release|Any CPU
		{E97AF863-9E18-4D3B-8C21-5ECD6639EA90}.Release|Any CPU.Build.0 = Release|Any CPU
		{1BB42077-1541-4C84-B531-4164E699A30A}.Debug|Any CPU.ActiveCfg = Debug|Any CPU
		{1BB42077-1541-4C84-B531-4164E699A30A}.Debug|Any CPU.Build.0 = Debug|Any CPU
		{1BB42077-1541-4C84-B531-4164E699A30A}.Release|Any CPU.ActiveCfg = Release|Any CPU
		{1BB42077-1541-4C84-B531-4164E699A30A}.Release|Any CPU.Build.0 = Release|Any CPU
		{525E892B-E5FD-4F71-A5D1-77EAD6A13A55}.Debug|Any CPU.ActiveCfg = Debug|Any CPU
		{525E892B-E5FD-4F71-A5D1-77EAD6A13A55}.Debug|Any CPU.Build.0 = Debug|Any CPU
		{525E892B-E5FD-4F71-A5D1-77EAD6A13A55}.Release|Any CPU.ActiveCfg = Release|Any CPU
		{525E892B-E5FD-4F71-A5D1-77EAD6A13A55}.Release|Any CPU.Build.0 = Release|Any CPU
		{EACC15E4-E342-46B8-9AC4-B1F3CB9F31C2}.Debug|Any CPU.ActiveCfg = Debug|Any CPU
		{EACC15E4-E342-46B8-9AC4-B1F3CB9F31C2}.Debug|Any CPU.Build.0 = Debug|Any CPU
		{EACC15E4-E342-46B8-9AC4-B1F3CB9F31C2}.Release|Any CPU.ActiveCfg = Release|Any CPU
		{EACC15E4-E342-46B8-9AC4-B1F3CB9F31C2}.Release|Any CPU.Build.0 = Release|Any CPU
		{57456079-B00B-4C31-B112-BACC40E21FC2}.Debug|Any CPU.ActiveCfg = Debug|Any CPU
		{57456079-B00B-4C31-B112-BACC40E21FC2}.Debug|Any CPU.Build.0 = Debug|Any CPU
		{57456079-B00B-4C31-B112-BACC40E21FC2}.Release|Any CPU.ActiveCfg = Release|Any CPU
		{57456079-B00B-4C31-B112-BACC40E21FC2}.Release|Any CPU.Build.0 = Release|Any CPU
		{80D8701E-0A2C-4665-AA34-3E57D7FD4399}.Debug|Any CPU.ActiveCfg = Debug|Any CPU
		{80D8701E-0A2C-4665-AA34-3E57D7FD4399}.Debug|Any CPU.Build.0 = Debug|Any CPU
		{80D8701E-0A2C-4665-AA34-3E57D7FD4399}.Release|Any CPU.ActiveCfg = Release|Any CPU
		{80D8701E-0A2C-4665-AA34-3E57D7FD4399}.Release|Any CPU.Build.0 = Release|Any CPU
	EndGlobalSection
	GlobalSection(SolutionProperties) = preSolution
		HideSolutionNode = FALSE
	EndGlobalSection
	GlobalSection(NestedProjects) = preSolution
		{E97AF863-9E18-4D3B-8C21-5ECD6639EA90} = {25D4C66E-2173-478D-ABBE-0E9FC0E93B57}
		{1BB42077-1541-4C84-B531-4164E699A30A} = {25D4C66E-2173-478D-ABBE-0E9FC0E93B57}
		{525E892B-E5FD-4F71-A5D1-77EAD6A13A55} = {25D4C66E-2173-478D-ABBE-0E9FC0E93B57}
		{EACC15E4-E342-46B8-9AC4-B1F3CB9F31C2} = {25D4C66E-2173-478D-ABBE-0E9FC0E93B57}
		{57456079-B00B-4C31-B112-BACC40E21FC2} = {1DA52328-B77A-4466-A6E3-6B55C87C53C1}
		{80D8701E-0A2C-4665-AA34-3E57D7FD4399} = {1DA52328-B77A-4466-A6E3-6B55C87C53C1}
	EndGlobalSection
	GlobalSection(ExtensibilityGlobals) = postSolution
		SolutionGuid = {FEB44B6F-4720-4F06-A598-10C1D50EA1D9}
	EndGlobalSection
EndGlobal
