
Microsoft Visual Studio Solution File, Format Version 12.00
# Visual Studio Version 17
VisualStudioVersion = 17.7.34202.233
MinimumVisualStudioVersion = 10.0.40219.1
Project("{2150E333-8FDC-42A3-9474-1A3956D46DE8}") = "src", "src", "{25D4C66E-2173-478D-ABBE-0E9FC0E93B57}"
EndProject
Project("{9A19103F-16F7-4668-BE54-9A1E7A4F7556}") = "Ty.UIBase", "src\Ty.UIBase\Ty.UIBase.csproj", "{E97AF863-9E18-4D3B-8C21-5ECD6639EA90}"
EndProject
Project("{9A19103F-16F7-4668-BE54-9A1E7A4F7556}") = "Ty.WPFBase", "src\Ty.WPFBase\Ty.WPFBase.csproj", "{1BB42077-1541-4C84-B531-4164E699A30A}"
EndProject
Global
	GlobalSection(SolutionConfigurationPlatforms) = preSolution
		Debug|Any CPU = Debug|Any CPU
		Release|Any CPU = Release|Any CPU
	EndGlobalSection
	GlobalSection(ProjectConfigurationPlatforms) = postSolution
		{E97AF863-9E18-4D3B-8C21-5ECD6639EA90}.Debug|Any CPU.ActiveCfg = Debug|Any CPU
		{E97AF863-9E18-4D3B-8C21-5ECD6639EA90}.Debug|Any CPU.Build.0 = Debug|Any CPU
		{E97AF863-9E18-4D3B-8C21-5ECD6639EA90}.Release|Any CPU.ActiveCfg = Release|Any CPU
		{E97AF863-9E18-4D3B-8C21-5ECD6639EA90}.Release|Any CPU.Build.0 = Release|Any CPU
		{1BB42077-1541-4C84-B531-4164E699A30A}.Debug|Any CPU.ActiveCfg = Debug|Any CPU
		{1BB42077-1541-4C84-B531-4164E699A30A}.Debug|Any CPU.Build.0 = Debug|Any CPU
		{1BB42077-1541-4C84-B531-4164E699A30A}.Release|Any CPU.ActiveCfg = Release|Any CPU
		{1BB42077-1541-4C84-B531-4164E699A30A}.Release|Any CPU.Build.0 = Release|Any CPU
	EndGlobalSection
	GlobalSection(SolutionProperties) = preSolution
		HideSolutionNode = FALSE
	EndGlobalSection
	GlobalSection(NestedProjects) = preSolution
		{E97AF863-9E18-4D3B-8C21-5ECD6639EA90} = {25D4C66E-2173-478D-ABBE-0E9FC0E93B57}
		{1BB42077-1541-4C84-B531-4164E699A30A} = {25D4C66E-2173-478D-ABBE-0E9FC0E93B57}
	EndGlobalSection
	GlobalSection(ExtensibilityGlobals) = postSolution
		SolutionGuid = {FEB44B6F-4720-4F06-A598-10C1D50EA1D9}
	EndGlobalSection
EndGlobal
